{
    "name": "create-next-stack",
    "version": "1.0.0",
    "lockfileVersion": 3,
    "requires": true,
    "packages": {
        "": {
            "name": "create-next-stack",
            "version": "1.0.0",
            "license": "ISC",
            "dependencies": {
                "commander": "^12.1.0",
                "create-next-app": "latest",
                "picocolors": "^1.0.1",
                "prompts": "^2.4.2"
            },
            "bin": {
                "create-next-stack": "dist/index.js"
            },
            "devDependencies": {
                "@types/node": "^20.14.2",
                "@types/prompts": "^2.4.9",
                "typescript": "^5.4.5"
            }
        },
        "node_modules/@types/node": {
            "version": "20.14.2",
            "resolved": "https://registry.npmjs.org/@types/node/-/node-20.14.2.tgz",
            "integrity": "sha512-xyu6WAMVwv6AKFLB+e/7ySZVr/0zLCzOa7rSpq6jNwpqOrUbcACDWC+53d4n2QHOnDou0fbIsg8wZu/sxrnI4Q==",
            "dev": true,
            "license": "MIT",
            "dependencies": {
                "undici-types": "~5.26.4"
            }
        },
        "node_modules/@types/prompts": {
            "version": "2.4.9",
            "resolved": "https://registry.npmjs.org/@types/prompts/-/prompts-2.4.9.tgz",
            "integrity": "sha512-qTxFi6Buiu8+50/+3DGIWLHM6QuWsEKugJnnP6iv2Mc4ncxE4A/OJkjuVOA+5X0X1S/nq5VJRa8Lu+nwcvbrKA==",
            "dev": true,
            "license": "MIT",
            "dependencies": {
                "@types/node": "*",
                "kleur": "^3.0.3"
            }
        },
        "node_modules/commander": {
            "version": "12.1.0",
            "resolved": "https://registry.npmjs.org/commander/-/commander-12.1.0.tgz",
            "integrity": "sha512-Vw8qHK3bZM9y/P10u3Vib8o/DdkvA2OtPtZvD871QKjy74Wj1WSKFILMPRPSdUSx5RFK1arlJzEtA4PkFgnbuA==",
            "license": "MIT",
            "engines": {
                "node": ">=18"
            }
        },
        "node_modules/create-next-app": {
            "version": "14.2.3",
            "resolved": "https://registry.npmjs.org/create-next-app/-/create-next-app-14.2.3.tgz",
            "integrity": "sha512-R8ncYD5nCAZR11NZaWXvRq7VLUm7vEoM7C78xJ6Wf6vnPqSt0U7g/yhQqiZlW8prRL6o21nhMPSjdNHiCbAp6Q==",
            "license": "MIT",
            "bin": {
                "create-next-app": "dist/index.js"
            },
            "engines": {
                "node": ">=18.17.0"
            }
        },
        "node_modules/kleur": {
            "version": "3.0.3",
            "resolved": "https://registry.npmjs.org/kleur/-/kleur-3.0.3.tgz",
            "integrity": "sha512-eTIzlVOSUR+JxdDFepEYcBMtZ9Qqdef+rnzWdRZuMbOywu5tO2w2N7rqjoANZ5k9vywhL6Br1VRjUIgTQx4E8w==",
            "license": "MIT",
            "engines": {
                "node": ">=6"
            }
        },
        "node_modules/picocolors": {
            "version": "1.0.1",
            "resolved": "https://registry.npmjs.org/picocolors/-/picocolors-1.0.1.tgz",
            "integrity": "sha512-anP1Z8qwhkbmu7MFP5iTt+wQKXgwzf7zTyGlcdzabySa9vd0Xt392U0rVmz9poOaBj0uHJKyyo9/upk0HrEQew==",
            "license": "ISC"
        },
        "node_modules/prompts": {
            "version": "2.4.2",
            "resolved": "https://registry.npmjs.org/prompts/-/prompts-2.4.2.tgz",
            "integrity": "sha512-NxNv/kLguCA7p3jE8oL2aEBsrJWgAakBpgmgK6lpPWV+WuOmY6r2/zbAVnP+T8bQlA0nzHXSJSJW0Hq7ylaD2Q==",
            "license": "MIT",
            "dependencies": {
                "kleur": "^3.0.3",
                "sisteransi": "^1.0.5"
            },
            "engines": {
                "node": ">= 6"
            }
        },
        "node_modules/sisteransi": {
            "version": "1.0.5",
            "resolved": "https://registry.npmjs.org/sisteransi/-/sisteransi-1.0.5.tgz",
            "integrity": "sha512-bLGGlR1QxBcynn2d5YmDX4MGjlZvy2MRBDRNHLJ8VI6l6+9FUiyTFNJ0IveOSP0bcXgVDPRcfGqA0pjaqUpfVg==",
            "license": "MIT"
        },
        "node_modules/typescript": {
            "version": "5.4.5",
            "resolved": "https://registry.npmjs.org/typescript/-/typescript-5.4.5.tgz",
            "integrity": "sha512-vcI4UpRgg81oIRUFwR0WSIHKt11nJ7SAVlYNIu+QpqeyXP+gpQJy/Z4+F0aGxSE4MqwjyXvW/TzgkLAx2AGHwQ==",
            "dev": true,
            "license": "Apache-2.0",
            "bin": {
                "tsc": "bin/tsc",
                "tsserver": "bin/tsserver"
            },
            "engines": {
                "node": ">=14.17"
            }
        },
        "node_modules/undici-types": {
            "version": "5.26.5",
            "resolved": "https://registry.npmjs.org/undici-types/-/undici-types-5.26.5.tgz",
            "integrity": "sha512-JlCMO+ehdEIKqlFxk6IfVoAUVmgz7cU7zD/h9XZ0qzeosSHmUJVOzSQvvYSYWXkFXC+IfLKSIffhv0sVZup6pA==",
            "dev": true,
            "license": "MIT"
        }
    }
}
